
Microsoft Visual Studio Solution File, Format Version 12.00
# Visual Studio Version 17
VisualStudioVersion = 17.5.33530.505
MinimumVisualStudioVersion = 10.0.40219.1
Project("{FAE04EC0-301F-11D3-BF4B-00C04F79EFBC}") = "TaskListApp", "TaskListApp.csproj", "{F6615905-16E2-4CF9-B6D9-D5784FB355D9}"
EndProject
Global
	GlobalSection(SolutionConfigurationPlatforms) = preSolution
		Debug|Any CPU = Debug|Any CPU
		Release|Any CPU = Release|Any CPU
	EndGlobalSection
	GlobalSection(ProjectConfigurationPlatforms) = postSolution
		{F6615905-16E2-4CF9-B6D9-D5784FB355D9}.Debug|Any CPU.ActiveCfg = Debug|Any CPU
		{F6615905-16E2-4CF9-B6D9-D5784FB355D9}.Debug|Any CPU.Build.0 = Debug|Any CPU
		{F6615905-16E2-4CF9-B6D9-D5784FB355D9}.Release|Any CPU.ActiveCfg = Release|Any CPU
		{F6615905-16E2-4CF9-B6D9-D5784FB355D9}.Release|Any CPU.Build.0 = Release|Any CPU
	EndGlobalSection
	GlobalSection(SolutionProperties) = preSolution
		HideSolutionNode = FALSE
	EndGlobalSection
	GlobalSection(ExtensibilityGlobals) = postSolution
		SolutionGuid = {3E51CC5F-43DA-494A-AB43-FA7BD59D03A5}
	EndGlobalSection
EndGlobal
